
Microsoft Visual Studio Solution File, Format Version 12.00
# Visual Studio Version 17
VisualStudioVersion = 17.11.35312.102
MinimumVisualStudioVersion = 10.0.40219.1
Project("{2150E333-8FDC-42A3-9474-1A3956D46DE8}") = "ApiConsume", "ApiConsume", "{358AFFA6-6B62-4771-AE01-8F0DDBB7F4FB}"
EndProject
Project("{2150E333-8FDC-42A3-9474-1A3956D46DE8}") = "Frontend", "Frontend", "{E84EAC0F-3A0D-404C-BF9C-5FFD9FC9AC35}"
EndProject
Project("{9A19103F-16F7-4668-BE54-9A1E7A4F7556}") = "WebApi", "ApiConsume\WebApi\WebApi.csproj", "{FE29326C-6EB0-4469-B6CC-CAD72574FF40}"
EndProject
Project("{9A19103F-16F7-4668-BE54-9A1E7A4F7556}") = "EntityLayer", "ApiConsume\EntityLayer\EntityLayer.csproj", "{07A0F663-58B1-4C1A-949E-408D9584EAF7}"
EndProject
Project("{9A19103F-16F7-4668-BE54-9A1E7A4F7556}") = "DataAccessLayer", "ApiConsume\DataAccessLayer\DataAccessLayer.csproj", "{AE941ACD-E860-4CDC-831A-74321F3CD4A4}"
EndProject
Project("{9A19103F-16F7-4668-BE54-9A1E7A4F7556}") = "BusinessLayer", "ApiConsume\BusinessLayer\BusinessLayer.csproj", "{ACD6091A-97E5-4836-B454-52035FCD9667}"
EndProject
Project("{9A19103F-16F7-4668-BE54-9A1E7A4F7556}") = "DtoLayer", "ApiConsume\DtoLayer\DtoLayer.csproj", "{88857A39-73F6-41AF-A7A6-49E93ECA6C50}"
EndProject
Project("{9A19103F-16F7-4668-BE54-9A1E7A4F7556}") = "WebUI", "Frontend\WebUI\WebUI.csproj", "{7EED6534-77E9-4145-BD6B-1A61E1DC1508}"
EndProject
Project("{2150E333-8FDC-42A3-9474-1A3956D46DE8}") = "RapidApi", "RapidApi", "{B154A9EC-CC09-4AE0-A23E-13C755E5D1E0}"
EndProject
Project("{FAE04EC0-301F-11D3-BF4B-00C04F79EFBC}") = "RapidApiConsume", "RapidApi\RapidApiConsume\RapidApiConsume.csproj", "{7DBDC731-FF48-4761-A1C1-CCDE9E95043B}"
EndProject
Project("{2150E333-8FDC-42A3-9474-1A3956D46DE8}") = "JwtProject", "JwtProject", "{9F307851-3E44-4CB2-AD08-38C5E3FAB67D}"
EndProject
Project("{FAE04EC0-301F-11D3-BF4B-00C04F79EFBC}") = "WebApiJwt", "JwtProject\WebApiJwt\WebApiJwt.csproj", "{7939AF09-B159-4953-A4C4-8D81BDE9CBA3}"
EndProject
Global
	GlobalSection(SolutionConfigurationPlatforms) = preSolution
		Debug|Any CPU = Debug|Any CPU
		Release|Any CPU = Release|Any CPU
	EndGlobalSection
	GlobalSection(ProjectConfigurationPlatforms) = postSolution
		{FE29326C-6EB0-4469-B6CC-CAD72574FF40}.Debug|Any CPU.ActiveCfg = Debug|Any CPU
		{FE29326C-6EB0-4469-B6CC-CAD72574FF40}.Debug|Any CPU.Build.0 = Debug|Any CPU
		{FE29326C-6EB0-4469-B6CC-CAD72574FF40}.Release|Any CPU.ActiveCfg = Release|Any CPU
		{FE29326C-6EB0-4469-B6CC-CAD72574FF40}.Release|Any CPU.Build.0 = Release|Any CPU
		{07A0F663-58B1-4C1A-949E-408D9584EAF7}.Debug|Any CPU.ActiveCfg = Debug|Any CPU
		{07A0F663-58B1-4C1A-949E-408D9584EAF7}.Debug|Any CPU.Build.0 = Debug|Any CPU
		{07A0F663-58B1-4C1A-949E-408D9584EAF7}.Release|Any CPU.ActiveCfg = Release|Any CPU
		{07A0F663-58B1-4C1A-949E-408D9584EAF7}.Release|Any CPU.Build.0 = Release|Any CPU
		{AE941ACD-E860-4CDC-831A-74321F3CD4A4}.Debug|Any CPU.ActiveCfg = Debug|Any CPU
		{AE941ACD-E860-4CDC-831A-74321F3CD4A4}.Debug|Any CPU.Build.0 = Debug|Any CPU
		{AE941ACD-E860-4CDC-831A-74321F3CD4A4}.Release|Any CPU.ActiveCfg = Release|Any CPU
		{AE941ACD-E860-4CDC-831A-74321F3CD4A4}.Release|Any CPU.Build.0 = Release|Any CPU
		{ACD6091A-97E5-4836-B454-52035FCD9667}.Debug|Any CPU.ActiveCfg = Debug|Any CPU
		{ACD6091A-97E5-4836-B454-52035FCD9667}.Debug|Any CPU.Build.0 = Debug|Any CPU
		{ACD6091A-97E5-4836-B454-52035FCD9667}.Release|Any CPU.ActiveCfg = Release|Any CPU
		{ACD6091A-97E5-4836-B454-52035FCD9667}.Release|Any CPU.Build.0 = Release|Any CPU
		{88857A39-73F6-41AF-A7A6-49E93ECA6C50}.Debug|Any CPU.ActiveCfg = Debug|Any CPU
		{88857A39-73F6-41AF-A7A6-49E93ECA6C50}.Debug|Any CPU.Build.0 = Debug|Any CPU
		{88857A39-73F6-41AF-A7A6-49E93ECA6C50}.Release|Any CPU.ActiveCfg = Release|Any CPU
		{88857A39-73F6-41AF-A7A6-49E93ECA6C50}.Release|Any CPU.Build.0 = Release|Any CPU
		{7EED6534-77E9-4145-BD6B-1A61E1DC1508}.Debug|Any CPU.ActiveCfg = Debug|Any CPU
		{7EED6534-77E9-4145-BD6B-1A61E1DC1508}.Debug|Any CPU.Build.0 = Debug|Any CPU
		{7EED6534-77E9-4145-BD6B-1A61E1DC1508}.Release|Any CPU.ActiveCfg = Release|Any CPU
		{7EED6534-77E9-4145-BD6B-1A61E1DC1508}.Release|Any CPU.Build.0 = Release|Any CPU
		{7DBDC731-FF48-4761-A1C1-CCDE9E95043B}.Debug|Any CPU.ActiveCfg = Debug|Any CPU
		{7DBDC731-FF48-4761-A1C1-CCDE9E95043B}.Debug|Any CPU.Build.0 = Debug|Any CPU
		{7DBDC731-FF48-4761-A1C1-CCDE9E95043B}.Release|Any CPU.ActiveCfg = Release|Any CPU
		{7DBDC731-FF48-4761-A1C1-CCDE9E95043B}.Release|Any CPU.Build.0 = Release|Any CPU
		{7939AF09-B159-4953-A4C4-8D81BDE9CBA3}.Debug|Any CPU.ActiveCfg = Debug|Any CPU
		{7939AF09-B159-4953-A4C4-8D81BDE9CBA3}.Debug|Any CPU.Build.0 = Debug|Any CPU
		{7939AF09-B159-4953-A4C4-8D81BDE9CBA3}.Release|Any CPU.ActiveCfg = Release|Any CPU
		{7939AF09-B159-4953-A4C4-8D81BDE9CBA3}.Release|Any CPU.Build.0 = Release|Any CPU
	EndGlobalSection
	GlobalSection(SolutionProperties) = preSolution
		HideSolutionNode = FALSE
	EndGlobalSection
	GlobalSection(NestedProjects) = preSolution
		{FE29326C-6EB0-4469-B6CC-CAD72574FF40} = {358AFFA6-6B62-4771-AE01-8F0DDBB7F4FB}
		{07A0F663-58B1-4C1A-949E-408D9584EAF7} = {358AFFA6-6B62-4771-AE01-8F0DDBB7F4FB}
		{AE941ACD-E860-4CDC-831A-74321F3CD4A4} = {358AFFA6-6B62-4771-AE01-8F0DDBB7F4FB}
		{ACD6091A-97E5-4836-B454-52035FCD9667} = {358AFFA6-6B62-4771-AE01-8F0DDBB7F4FB}
		{88857A39-73F6-41AF-A7A6-49E93ECA6C50} = {358AFFA6-6B62-4771-AE01-8F0DDBB7F4FB}
		{7EED6534-77E9-4145-BD6B-1A61E1DC1508} = {E84EAC0F-3A0D-404C-BF9C-5FFD9FC9AC35}
		{7DBDC731-FF48-4761-A1C1-CCDE9E95043B} = {B154A9EC-CC09-4AE0-A23E-13C755E5D1E0}
		{7939AF09-B159-4953-A4C4-8D81BDE9CBA3} = {9F307851-3E44-4CB2-AD08-38C5E3FAB67D}
	EndGlobalSection
	GlobalSection(ExtensibilityGlobals) = postSolution
		SolutionGuid = {6FF3B14D-192F-467B-9DAD-CE21660CE0EE}
	EndGlobalSection
EndGlobal
